# THIS IS AN AUTOGENERATED FILE. DO NOT EDIT THIS FILE DIRECTLY.
# yarn lockfile v1


"@types/node@^18.16.1":
  version "18.16.1"
  resolved "https://registry.yarnpkg.com/@types/node/-/node-18.16.1.tgz#5db121e9c5352925bb1f1b892c4ae620e3526799"
  integrity sha512-DZxSZWXxFfOlx7k7Rv4LAyiMroaxa3Ly/7OOzZO8cBNho0YzAi4qlbrx8W27JGqG57IgR/6J7r+nOJWw6kcvZA==
